// !$*UTF8*$!
{
	archiveVersion = 1;
	classes = {
	};
	objectVersion = 46;
	objects = {

/* Begin PBXBuildFile section */
		8A19CAE21C34A1D200D67F6B /* Interface.storyboard in Resources */ = {isa = PBXBuildFile; fileRef = 8A19CAE01C34A1D200D67F6B /* Interface.storyboard */; };
		8A19CAE41C34A8B000D67F6B /* VistaIngredientes.swift in Sources */ = {isa = PBXBuildFile; fileRef = 8A19CAE31C34A8B000D67F6B /* VistaIngredientes.swift */; };
		8A19CAE61C34B71100D67F6B /* VistaOrdenar.swift in Sources */ = {isa = PBXBuildFile; fileRef = 8A19CAE51C34B71100D67F6B /* VistaOrdenar.swift */; };
		8A8624C71C346A1A00EB3EFA /* AppDelegate.swift in Sources */ = {isa = PBXBuildFile; fileRef = 8A8624C61C346A1A00EB3EFA /* AppDelegate.swift */; };
		8A8624C91C346A1A00EB3EFA /* ViewController.swift in Sources */ = {isa = PBXBuildFile; fileRef = 8A8624C81C346A1A00EB3EFA /* ViewController.swift */; };
		8A8624CC1C346A1A00EB3EFA /* Main.storyboard in Resources */ = {isa = PBXBuildFile; fileRef = 8A8624CA1C346A1A00EB3EFA /* Main.storyboard */; };
		8A8624CE1C346A1A00EB3EFA /* Assets.xcassets in Resources */ = {isa = PBXBuildFile; fileRef = 8A8624CD1C346A1A00EB3EFA /* Assets.xcassets */; };
		8A8624D11C346A1A00EB3EFA /* LaunchScreen.storyboard in Resources */ = {isa = PBXBuildFile; fileRef = 8A8624CF1C346A1A00EB3EFA /* LaunchScreen.storyboard */; };
		8A8624D61C346A1A00EB3EFA /* pizzaWatch WatchKit App.app in Embed Watch Content */ = {isa = PBXBuildFile; fileRef = 8A8624D51C346A1A00EB3EFA /* pizzaWatch WatchKit App.app */; };
		8A8624DE1C346A1A00EB3EFA /* Assets.xcassets in Resources */ = {isa = PBXBuildFile; fileRef = 8A8624DD1C346A1A00EB3EFA /* Assets.xcassets */; };
		8A8624E51C346A1A00EB3EFA /* pizzaWatch WatchKit Extension.appex in Embed App Extensions */ = {isa = PBXBuildFile; fileRef = 8A8624E41C346A1A00EB3EFA /* pizzaWatch WatchKit Extension.appex */; settings = {ATTRIBUTES = (RemoveHeadersOnCopy, ); }; };
		8A8624EA1C346A1A00EB3EFA /* InterfaceController.swift in Sources */ = {isa = PBXBuildFile; fileRef = 8A8624E91C346A1A00EB3EFA /* InterfaceController.swift */; };
		8A8624EC1C346A1A00EB3EFA /* ExtensionDelegate.swift in Sources */ = {isa = PBXBuildFile; fileRef = 8A8624EB1C346A1A00EB3EFA /* ExtensionDelegate.swift */; };
		8A8624EE1C346A1A00EB3EFA /* Assets.xcassets in Resources */ = {isa = PBXBuildFile; fileRef = 8A8624ED1C346A1A00EB3EFA /* Assets.xcassets */; };
		8A8624FE1C3490A800EB3EFA /* VistaMasa.swift in Sources */ = {isa = PBXBuildFile; fileRef = 8A8624FD1C3490A800EB3EFA /* VistaMasa.swift */; };
		8A8625001C3493D700EB3EFA /* VistaQueso.swift in Sources */ = {isa = PBXBuildFile; fileRef = 8A8624FF1C3493D700EB3EFA /* VistaQueso.swift */; };
		8AFEF39C1C349AE500BA1417 /* ContextoPizza.swift in Sources */ = {isa = PBXBuildFile; fileRef = 8AFEF39B1C349AE500BA1417 /* ContextoPizza.swift */; };
/* End PBXBuildFile section */

/* Begin PBXContainerItemProxy section */
		8A8624D71C346A1A00EB3EFA /* PBXContainerItemProxy */ = {
			isa = PBXContainerItemProxy;
			containerPortal = 8A8624BB1C346A1A00EB3EFA /* Project object */;
			proxyType = 1;
			remoteGlobalIDString = 8A8624D41C346A1A00EB3EFA;
			remoteInfo = "pizzaWatch WatchKit App";
		};
		8A8624E61C346A1A00EB3EFA /* PBXContainerItemProxy */ = {
			isa = PBXContainerItemProxy;
			containerPortal = 8A8624BB1C346A1A00EB3EFA /* Project object */;
			proxyType = 1;
			remoteGlobalIDString = 8A8624E31C346A1A00EB3EFA;
			remoteInfo = "pizzaWatch WatchKit Extension";
		};
/* End PBXContainerItemProxy section */

/* Begin PBXCopyFilesBuildPhase section */
		8A8624F51C346A1A00EB3EFA /* Embed App Extensions */ = {
			isa = PBXCopyFilesBuildPhase;
			buildActionMask = 2147483647;
			dstPath = "";
			dstSubfolderSpec = 13;
			files = (
				8A8624E51C346A1A00EB3EFA /* pizzaWatch WatchKit Extension.appex in Embed App Extensions */,
			);
			name = "Embed App Extensions";
			runOnlyForDeploymentPostprocessing = 0;
		};
		8A8624F91C346A1A00EB3EFA /* Embed Watch Content */ = {
			isa = PBXCopyFilesBuildPhase;
			buildActionMask = 2147483647;
			dstPath = "$(CONTENTS_FOLDER_PATH)/Watch";
			dstSubfolderSpec = 16;
			files = (
				8A8624D61C346A1A00EB3EFA /* pizzaWatch WatchKit App.app in Embed Watch Content */,
			);
			name = "Embed Watch Content";
			runOnlyForDeploymentPostprocessing = 0;
		};
/* End PBXCopyFilesBuildPhase section */

/* Begin PBXFileReference section */
		8A19CAE11C34A1D200D67F6B /* Base */ = {isa = PBXFileReference; lastKnownFileType = file.storyboard; name = Base; path = Base.lproj/Interface.storyboard; sourceTree = "<group>"; };
		8A19CAE31C34A8B000D67F6B /* VistaIngredientes.swift */ = {isa = PBXFileReference; fileEncoding = 4; lastKnownFileType = sourcecode.swift; path = VistaIngredientes.swift; sourceTree = "<group>"; };
		8A19CAE51C34B71100D67F6B /* VistaOrdenar.swift */ = {isa = PBXFileReference; fileEncoding = 4; lastKnownFileType = sourcecode.swift; path = VistaOrdenar.swift; sourceTree = "<group>"; };
		8A8624C31C346A1A00EB3EFA /* pizzaWatch.app */ = {isa = PBXFileReference; explicitFileType = wrapper.application; includeInIndex = 0; path = pizzaWatch.app; sourceTree = BUILT_PRODUCTS_DIR; };
		8A8624C61C346A1A00EB3EFA /* AppDelegate.swift */ = {isa = PBXFileReference; lastKnownFileType = sourcecode.swift; path = AppDelegate.swift; sourceTree = "<group>"; };
		8A8624C81C346A1A00EB3EFA /* ViewController.swift */ = {isa = PBXFileReference; lastKnownFileType = sourcecode.swift; path = ViewController.swift; sourceTree = "<group>"; };
		8A8624CB1C346A1A00EB3EFA /* Base */ = {isa = PBXFileReference; lastKnownFileType = file.storyboard; name = Base; path = Base.lproj/Main.storyboard; sourceTree = "<group>"; };
		8A8624CD1C346A1A00EB3EFA /* Assets.xcassets */ = {isa = PBXFileReference; lastKnownFileType = folder.assetcatalog; path = Assets.xcassets; sourceTree = "<group>"; };
		8A8624D01C346A1A00EB3EFA /* Base */ = {isa = PBXFileReference; lastKnownFileType = file.storyboard; name = Base; path = Base.lproj/LaunchScreen.storyboard; sourceTree = "<group>"; };
		8A8624D21C346A1A00EB3EFA /* Info.plist */ = {isa = PBXFileReference; lastKnownFileType = text.plist.xml; path = Info.plist; sourceTree = "<group>"; };
		8A8624D51C346A1A00EB3EFA /* pizzaWatch WatchKit App.app */ = {isa = PBXFileReference; explicitFileType = wrapper.application; includeInIndex = 0; path = "pizzaWatch WatchKit App.app"; sourceTree = BUILT_PRODUCTS_DIR; };
		8A8624DD1C346A1A00EB3EFA /* Assets.xcassets */ = {isa = PBXFileReference; lastKnownFileType = folder.assetcatalog; path = Assets.xcassets; sourceTree = "<group>"; };
		8A8624DF1C346A1A00EB3EFA /* Info.plist */ = {isa = PBXFileReference; lastKnownFileType = text.plist.xml; path = Info.plist; sourceTree = "<group>"; };
		8A8624E41C346A1A00EB3EFA /* pizzaWatch WatchKit Extension.appex */ = {isa = PBXFileReference; explicitFileType = "wrapper.app-extension"; includeInIndex = 0; path = "pizzaWatch WatchKit Extension.appex"; sourceTree = BUILT_PRODUCTS_DIR; };
		8A8624E91C346A1A00EB3EFA /* InterfaceController.swift */ = {isa = PBXFileReference; lastKnownFileType = sourcecode.swift; path = InterfaceController.swift; sourceTree = "<group>"; };
		8A8624EB1C346A1A00EB3EFA /* ExtensionDelegate.swift */ = {isa = PBXFileReference; lastKnownFileType = sourcecode.swift; path = ExtensionDelegate.swift; sourceTree = "<group>"; };
		8A8624ED1C346A1A00EB3EFA /* Assets.xcassets */ = {isa = PBXFileReference; lastKnownFileType = folder.assetcatalog; path = Assets.xcassets; sourceTree = "<group>"; };
		8A8624EF1C346A1A00EB3EFA /* Info.plist */ = {isa = PBXFileReference; lastKnownFileType = text.plist.xml; path = Info.plist; sourceTree = "<group>"; };
		8A8624FD1C3490A800EB3EFA /* VistaMasa.swift */ = {isa = PBXFileReference; fileEncoding = 4; lastKnownFileType = sourcecode.swift; path = VistaMasa.swift; sourceTree = "<group>"; };
		8A8624FF1C3493D700EB3EFA /* VistaQueso.swift */ = {isa = PBXFileReference; fileEncoding = 4; lastKnownFileType = sourcecode.swift; path = VistaQueso.swift; sourceTree = "<group>"; };
		8AFEF39B1C349AE500BA1417 /* ContextoPizza.swift */ = {isa = PBXFileReference; fileEncoding = 4; lastKnownFileType = sourcecode.swift; path = ContextoPizza.swift; sourceTree = "<group>"; };
/* End PBXFileReference section */

/* Begin PBXFrameworksBuildPhase section */
		8A8624C01C346A1A00EB3EFA /* Frameworks */ = {
			isa = PBXFrameworksBuildPhase;
			buildActionMask = 2147483647;
			files = (
			);
			runOnlyForDeploymentPostprocessing = 0;
		};
		8A8624E11C346A1A00EB3EFA /* Frameworks */ = {
			isa = PBXFrameworksBuildPhase;
			buildActionMask = 2147483647;
			files = (
			);
			runOnlyForDeploymentPostprocessing = 0;
		};
/* End PBXFrameworksBuildPhase section */

/* Begin PBXGroup section */
		8A8624BA1C346A1A00EB3EFA = {
			isa = PBXGroup;
			children = (
				8A8624C51C346A1A00EB3EFA /* pizzaWatch */,
				8A8624D91C346A1A00EB3EFA /* pizzaWatch WatchKit App */,
				8A8624E81C346A1A00EB3EFA /* pizzaWatch WatchKit Extension */,
				8A8624C41C346A1A00EB3EFA /* Products */,
			);
			sourceTree = "<group>";
		};
		8A8624C41C346A1A00EB3EFA /* Products */ = {
			isa = PBXGroup;
			children = (
				8A8624C31C346A1A00EB3EFA /* pizzaWatch.app */,
				8A8624D51C346A1A00EB3EFA /* pizzaWatch WatchKit App.app */,
				8A8624E41C346A1A00EB3EFA /* pizzaWatch WatchKit Extension.appex */,
			);
			name = Products;
			sourceTree = "<group>";
		};
		8A8624C51C346A1A00EB3EFA /* pizzaWatch */ = {
			isa = PBXGroup;
			children = (
				8A8624C61C346A1A00EB3EFA /* AppDelegate.swift */,
				8A8624C81C346A1A00EB3EFA /* ViewController.swift */,
				8A8624CA1C346A1A00EB3EFA /* Main.storyboard */,
				8A8624CD1C346A1A00EB3EFA /* Assets.xcassets */,
				8A8624CF1C346A1A00EB3EFA /* LaunchScreen.storyboard */,
				8A8624D21C346A1A00EB3EFA /* Info.plist */,
			);
			path = pizzaWatch;
			sourceTree = "<group>";
		};
		8A8624D91C346A1A00EB3EFA /* pizzaWatch WatchKit App */ = {
			isa = PBXGroup;
			children = (
				8A19CAE01C34A1D200D67F6B /* Interface.storyboard */,
				8A8624DD1C346A1A00EB3EFA /* Assets.xcassets */,
				8A8624DF1C346A1A00EB3EFA /* Info.plist */,
			);
			path = "pizzaWatch WatchKit App";
			sourceTree = "<group>";
		};
		8A8624E81C346A1A00EB3EFA /* pizzaWatch WatchKit Extension */ = {
			isa = PBXGroup;
			children = (
				8A8624E91C346A1A00EB3EFA /* InterfaceController.swift */,
				8A8624EB1C346A1A00EB3EFA /* ExtensionDelegate.swift */,
				8A8624ED1C346A1A00EB3EFA /* Assets.xcassets */,
				8A8624EF1C346A1A00EB3EFA /* Info.plist */,
				8A8624FD1C3490A800EB3EFA /* VistaMasa.swift */,
				8A8624FF1C3493D700EB3EFA /* VistaQueso.swift */,
				8AFEF39B1C349AE500BA1417 /* ContextoPizza.swift */,
				8A19CAE31C34A8B000D67F6B /* VistaIngredientes.swift */,
				8A19CAE51C34B71100D67F6B /* VistaOrdenar.swift */,
			);
			path = "pizzaWatch WatchKit Extension";
			sourceTree = "<group>";
		};
/* End PBXGroup section */

/* Begin PBXNativeTarget section */
		8A8624C21C346A1A00EB3EFA /* pizzaWatch */ = {
			isa = PBXNativeTarget;
			buildConfigurationList = 8A8624FA1C346A1A00EB3EFA /* Build configuration list for PBXNativeTarget "pizzaWatch" */;
			buildPhases = (
				8A8624BF1C346A1A00EB3EFA /* Sources */,
				8A8624C01C346A1A00EB3EFA /* Frameworks */,
				8A8624C11C346A1A00EB3EFA /* Resources */,
				8A8624F91C346A1A00EB3EFA /* Embed Watch Content */,
			);
			buildRules = (
			);
			dependencies = (
				8A8624D81C346A1A00EB3EFA /* PBXTargetDependency */,
			);
			name = pizzaWatch;
			productName = pizzaWatch;
			productReference = 8A8624C31C346A1A00EB3EFA /* pizzaWatch.app */;
			productType = "com.apple.product-type.application";
		};
		8A8624D41C346A1A00EB3EFA /* pizzaWatch WatchKit App */ = {
			isa = PBXNativeTarget;
			buildConfigurationList = 8A8624F61C346A1A00EB3EFA /* Build configuration list for PBXNativeTarget "pizzaWatch WatchKit App" */;
			buildPhases = (
				8A8624D31C346A1A00EB3EFA /* Resources */,
				8A8624F51C346A1A00EB3EFA /* Embed App Extensions */,
			);
			buildRules = (
			);
			dependencies = (
				8A8624E71C346A1A00EB3EFA /* PBXTargetDependency */,
			);
			name = "pizzaWatch WatchKit App";
			productName = "pizzaWatch WatchKit App";
			productReference = 8A8624D51C346A1A00EB3EFA /* pizzaWatch WatchKit App.app */;
			productType = "com.apple.product-type.application.watchapp2";
		};
		8A8624E31C346A1A00EB3EFA /* pizzaWatch WatchKit Extension */ = {
			isa = PBXNativeTarget;
			buildConfigurationList = 8A8624F21C346A1A00EB3EFA /* Build configuration list for PBXNativeTarget "pizzaWatch WatchKit Extension" */;
			buildPhases = (
				8A8624E01C346A1A00EB3EFA /* Sources */,
				8A8624E11C346A1A00EB3EFA /* Frameworks */,
				8A8624E21C346A1A00EB3EFA /* Resources */,
			);
			buildRules = (
			);
			dependencies = (
			);
			name = "pizzaWatch WatchKit Extension";
			productName = "pizzaWatch WatchKit Extension";
			productReference = 8A8624E41C346A1A00EB3EFA /* pizzaWatch WatchKit Extension.appex */;
			productType = "com.apple.product-type.watchkit2-extension";
		};
/* End PBXNativeTarget section */

/* Begin PBXProject section */
		8A8624BB1C346A1A00EB3EFA /* Project object */ = {
			isa = PBXProject;
			attributes = {
				LastSwiftUpdateCheck = 0720;
				LastUpgradeCheck = 0720;
				ORGANIZATIONNAME = "Angel Agustín Martínez";
				TargetAttributes = {
					8A8624C21C346A1A00EB3EFA = {
						CreatedOnToolsVersion = 7.2;
					};
					8A8624D41C346A1A00EB3EFA = {
						CreatedOnToolsVersion = 7.2;
					};
					8A8624E31C346A1A00EB3EFA = {
						CreatedOnToolsVersion = 7.2;
					};
				};
			};
			buildConfigurationList = 8A8624BE1C346A1A00EB3EFA /* Build configuration list for PBXProject "pizzaWatch" */;
			compatibilityVersion = "Xcode 3.2";
			developmentRegion = English;
			hasScannedForEncodings = 0;
			knownRegions = (
				en,
				Base,
			);
			mainGroup = 8A8624BA1C346A1A00EB3EFA;
			productRefGroup = 8A8624C41C346A1A00EB3EFA /* Products */;
			projectDirPath = "";
			projectRoot = "";
			targets = (
				8A8624C21C346A1A00EB3EFA /* pizzaWatch */,
				8A8624D41C346A1A00EB3EFA /* pizzaWatch WatchKit App */,
				8A8624E31C346A1A00EB3EFA /* pizzaWatch WatchKit Extension */,
			);
		};
/* End PBXProject section */

/* Begin PBXResourcesBuildPhase section */
		8A8624C11C346A1A00EB3EFA /* Resources */ = {
			isa = PBXResourcesBuildPhase;
			buildActionMask = 2147483647;
			files = (
				8A8624D11C346A1A00EB3EFA /* LaunchScreen.storyboard in Resources */,
				8A8624CE1C346A1A00EB3EFA /* Assets.xcassets in Resources */,
				8A8624CC1C346A1A00EB3EFA /* Main.storyboard in Resources */,
			);
			runOnlyForDeploymentPostprocessing = 0;
		};
		8A8624D31C346A1A00EB3EFA /* Resources */ = {
			isa = PBXResourcesBuildPhase;
			buildActionMask = 2147483647;
			files = (
				8A19CAE21C34A1D200D67F6B /* Interface.storyboard in Resources */,
				8A8624DE1C346A1A00EB3EFA /* Assets.xcassets in Resources */,
			);
			runOnlyForDeploymentPostprocessing = 0;
		};
		8A8624E21C346A1A00EB3EFA /* Resources */ = {
			isa = PBXResourcesBuildPhase;
			buildActionMask = 2147483647;
			files = (
				8A8624EE1C346A1A00EB3EFA /* Assets.xcassets in Resources */,
			);
			runOnlyForDeploymentPostprocessing = 0;
		};
/* End PBXResourcesBuildPhase section */

/* Begin PBXSourcesBuildPhase section */
		8A8624BF1C346A1A00EB3EFA /* Sources */ = {
			isa = PBXSourcesBuildPhase;
			buildActionMask = 2147483647;
			files = (
				8A8624C91C346A1A00EB3EFA /* ViewController.swift in Sources */,
				8A8624C71C346A1A00EB3EFA /* AppDelegate.swift in Sources */,
			);
			runOnlyForDeploymentPostprocessing = 0;
		};
		8A8624E01C346A1A00EB3EFA /* Sources */ = {
			isa = PBXSourcesBuildPhase;
			buildActionMask = 2147483647;
			files = (
				8AFEF39C1C349AE500BA1417 /* ContextoPizza.swift in Sources */,
				8A8624EC1C346A1A00EB3EFA /* ExtensionDelegate.swift in Sources */,
				8A19CAE41C34A8B000D67F6B /* VistaIngredientes.swift in Sources */,
				8A19CAE61C34B71100D67F6B /* VistaOrdenar.swift in Sources */,
				8A8624FE1C3490A800EB3EFA /* VistaMasa.swift in Sources */,
				8A8624EA1C346A1A00EB3EFA /* InterfaceController.swift in Sources */,
				8A8625001C3493D700EB3EFA /* VistaQueso.swift in Sources */,
			);
			runOnlyForDeploymentPostprocessing = 0;
		};
/* End PBXSourcesBuildPhase section */

/* Begin PBXTargetDependency section */
		8A8624D81C346A1A00EB3EFA /* PBXTargetDependency */ = {
			isa = PBXTargetDependency;
			target = 8A8624D41C346A1A00EB3EFA /* pizzaWatch WatchKit App */;
			targetProxy = 8A8624D71C346A1A00EB3EFA /* PBXContainerItemProxy */;
		};
		8A8624E71C346A1A00EB3EFA /* PBXTargetDependency */ = {
			isa = PBXTargetDependency;
			target = 8A8624E31C346A1A00EB3EFA /* pizzaWatch WatchKit Extension */;
			targetProxy = 8A8624E61C346A1A00EB3EFA /* PBXContainerItemProxy */;
		};
/* End PBXTargetDependency section */

/* Begin PBXVariantGroup section */
		8A19CAE01C34A1D200D67F6B /* Interface.storyboard */ = {
			isa = PBXVariantGroup;
			children = (
				8A19CAE11C34A1D200D67F6B /* Base */,
			);
			name = Interface.storyboard;
			sourceTree = "<group>";
		};
		8A8624CA1C346A1A00EB3EFA /* Main.storyboard */ = {
			isa = PBXVariantGroup;
			children = (
				8A8624CB1C346A1A00EB3EFA /* Base */,
			);
			name = Main.storyboard;
			sourceTree = "<group>";
		};
		8A8624CF1C346A1A00EB3EFA /* LaunchScreen.storyboard */ = {
			isa = PBXVariantGroup;
			children = (
				8A8624D01C346A1A00EB3EFA /* Base */,
			);
			name = LaunchScreen.storyboard;
			sourceTree = "<group>";
		};
/* End PBXVariantGroup section */

/* Begin XCBuildConfiguration section */
		8A8624F01C346A1A00EB3EFA /* Debug */ = {
			isa = XCBuildConfiguration;
			buildSettings = {
				ALWAYS_SEARCH_USER_PATHS = NO;
				CLANG_CXX_LANGUAGE_STANDARD = "gnu++0x";
				CLANG_CXX_LIBRARY = "libc++";
				CLANG_ENABLE_MODULES = YES;
				CLANG_ENABLE_OBJC_ARC = YES;
				CLANG_WARN_BOOL_CONVERSION = YES;
				CLANG_WARN_CONSTANT_CONVERSION = YES;
				CLANG_WARN_DIRECT_OBJC_ISA_USAGE = YES_ERROR;
				CLANG_WARN_EMPTY_BODY = YES;
				CLANG_WARN_ENUM_CONVERSION = YES;
				CLANG_WARN_INT_CONVERSION = YES;
				CLANG_WARN_OBJC_ROOT_CLASS = YES_ERROR;
				CLANG_WARN_UNREACHABLE_CODE = YES;
				CLANG_WARN__DUPLICATE_METHOD_MATCH = YES;
				"CODE_SIGN_IDENTITY[sdk=iphoneos*]" = "iPhone Developer";
				COPY_PHASE_STRIP = NO;
				DEBUG_INFORMATION_FORMAT = dwarf;
				ENABLE_STRICT_OBJC_MSGSEND = YES;
				ENABLE_TESTABILITY = YES;
				GCC_C_LANGUAGE_STANDARD = gnu99;
				GCC_DYNAMIC_NO_PIC = NO;
				GCC_NO_COMMON_BLOCKS = YES;
				GCC_OPTIMIZATION_LEVEL = 0;
				GCC_PREPROCESSOR_DEFINITIONS = (
					"DEBUG=1",
					"$(inherited)",
				);
				GCC_WARN_64_TO_32_BIT_CONVERSION = YES;
				GCC_WARN_ABOUT_RETURN_TYPE = YES_ERROR;
				GCC_WARN_UNDECLARED_SELECTOR = YES;
				GCC_WARN_UNINITIALIZED_AUTOS = YES_AGGRESSIVE;
				GCC_WARN_UNUSED_FUNCTION = YES;
				GCC_WARN_UNUSED_VARIABLE = YES;
				IPHONEOS_DEPLOYMENT_TARGET = 9.2;
				MTL_ENABLE_DEBUG_INFO = YES;
				ONLY_ACTIVE_ARCH = YES;
				SDKROOT = iphoneos;
				SWIFT_OPTIMIZATION_LEVEL = "-Onone";
			};
			name = Debug;
		};
		8A8624F11C346A1A00EB3EFA /* Release */ = {
			isa = XCBuildConfiguration;
			buildSettings = {
				ALWAYS_SEARCH_USER_PATHS = NO;
				CLANG_CXX_LANGUAGE_STANDARD = "gnu++0x";
				CLANG_CXX_LIBRARY = "libc++";
				CLANG_ENABLE_MODULES = YES;
				CLANG_ENABLE_OBJC_ARC = YES;
				CLANG_WARN_BOOL_CONVERSION = YES;
				CLANG_WARN_CONSTANT_CONVERSION = YES;
				CLANG_WARN_DIRECT_OBJC_ISA_USAGE = YES_ERROR;
				CLANG_WARN_EMPTY_BODY = YES;
				CLANG_WARN_ENUM_CONVERSION = YES;
				CLANG_WARN_INT_CONVERSION = YES;
				CLANG_WARN_OBJC_ROOT_CLASS = YES_ERROR;
				CLANG_WARN_UNREACHABLE_CODE = YES;
				CLANG_WARN__DUPLICATE_METHOD_MATCH = YES;
				"CODE_SIGN_IDENTITY[sdk=iphoneos*]" = "iPhone Developer";
				COPY_PHASE_STRIP = NO;
				DEBUG_INFORMATION_FORMAT = "dwarf-with-dsym";
				ENABLE_NS_ASSERTIONS = NO;
				ENABLE_STRICT_OBJC_MSGSEND = YES;
				GCC_C_LANGUAGE_STANDARD = gnu99;
				GCC_NO_COMMON_BLOCKS = YES;
				GCC_WARN_64_TO_32_BIT_CONVERSION = YES;
				GCC_WARN_ABOUT_RETURN_TYPE = YES_ERROR;
				GCC_WARN_UNDECLARED_SELECTOR = YES;
				GCC_WARN_UNINITIALIZED_AUTOS = YES_AGGRESSIVE;
				GCC_WARN_UNUSED_FUNCTION = YES;
				GCC_WARN_UNUSED_VARIABLE = YES;
				IPHONEOS_DEPLOYMENT_TARGET = 9.2;
				MTL_ENABLE_DEBUG_INFO = NO;
				SDKROOT = iphoneos;
				VALIDATE_PRODUCT = YES;
			};
			name = Release;
		};
		8A8624F31C346A1A00EB3EFA /* Debug */ = {
			isa = XCBuildConfiguration;
			buildSettings = {
				INFOPLIST_FILE = "pizzaWatch WatchKit Extension/Info.plist";
				LD_RUNPATH_SEARCH_PATHS = "$(inherited) @executable_path/Frameworks @executable_path/../../Frameworks";
				PRODUCT_BUNDLE_IDENTIFIER = com.fkrv.pizzaWatch.watchkitapp.watchkitextension;
				PRODUCT_NAME = "${TARGET_NAME}";
				SDKROOT = watchos;
				SKIP_INSTALL = YES;
				TARGETED_DEVICE_FAMILY = 4;
				WATCHOS_DEPLOYMENT_TARGET = 2.1;
			};
			name = Debug;
		};
		8A8624F41C346A1A00EB3EFA /* Release */ = {
			isa = XCBuildConfiguration;
			buildSettings = {
				INFOPLIST_FILE = "pizzaWatch WatchKit Extension/Info.plist";
				LD_RUNPATH_SEARCH_PATHS = "$(inherited) @executable_path/Frameworks @executable_path/../../Frameworks";
				PRODUCT_BUNDLE_IDENTIFIER = com.fkrv.pizzaWatch.watchkitapp.watchkitextension;
				PRODUCT_NAME = "${TARGET_NAME}";
				SDKROOT = watchos;
				SKIP_INSTALL = YES;
				TARGETED_DEVICE_FAMILY = 4;
				WATCHOS_DEPLOYMENT_TARGET = 2.1;
			};
			name = Release;
		};
		8A8624F71C346A1A00EB3EFA /* Debug */ = {
			isa = XCBuildConfiguration;
			buildSettings = {
				ASSETCATALOG_COMPILER_APPICON_NAME = AppIcon;
				EMBEDDED_CONTENT_CONTAINS_SWIFT = YES;
				IBSC_MODULE = pizzaWatch_WatchKit_Extension;
				INFOPLIST_FILE = "pizzaWatch WatchKit App/Info.plist";
				PRODUCT_BUNDLE_IDENTIFIER = com.fkrv.pizzaWatch.watchkitapp;
				PRODUCT_NAME = "$(TARGET_NAME)";
				SDKROOT = watchos;
				SKIP_INSTALL = YES;
				TARGETED_DEVICE_FAMILY = 4;
				WATCHOS_DEPLOYMENT_TARGET = 2.1;
			};
			name = Debug;
		};
		8A8624F81C346A1A00EB3EFA /* Release */ = {
			isa = XCBuildConfiguration;
			buildSettings = {
				ASSETCATALOG_COMPILER_APPICON_NAME = AppIcon;
				EMBEDDED_CONTENT_CONTAINS_SWIFT = YES;
				IBSC_MODULE = pizzaWatch_WatchKit_Extension;
				INFOPLIST_FILE = "pizzaWatch WatchKit App/Info.plist";
				PRODUCT_BUNDLE_IDENTIFIER = com.fkrv.pizzaWatch.watchkitapp;
				PRODUCT_NAME = "$(TARGET_NAME)";
				SDKROOT = watchos;
				SKIP_INSTALL = YES;
				TARGETED_DEVICE_FAMILY = 4;
				WATCHOS_DEPLOYMENT_TARGET = 2.1;
			};
			name = Release;
		};
		8A8624FB1C346A1A00EB3EFA /* Debug */ = {
			isa = XCBuildConfiguration;
			buildSettings = {
				ASSETCATALOG_COMPILER_APPICON_NAME = AppIcon;
				INFOPLIST_FILE = pizzaWatch/Info.plist;
				LD_RUNPATH_SEARCH_PATHS = "$(inherited) @executable_path/Frameworks";
				PRODUCT_BUNDLE_IDENTIFIER = com.fkrv.pizzaWatch;
				PRODUCT_NAME = "$(TARGET_NAME)";
			};
			name = Debug;
		};
		8A8624FC1C346A1A00EB3EFA /* Release */ = {
			isa = XCBuildConfiguration;
			buildSettings = {
				ASSETCATALOG_COMPILER_APPICON_NAME = AppIcon;
				INFOPLIST_FILE = pizzaWatch/Info.plist;
				LD_RUNPATH_SEARCH_PATHS = "$(inherited) @executable_path/Frameworks";
				PRODUCT_BUNDLE_IDENTIFIER = com.fkrv.pizzaWatch;
				PRODUCT_NAME = "$(TARGET_NAME)";
			};
			name = Release;
		};
/* End XCBuildConfiguration section */

/* Begin XCConfigurationList section */
		8A8624BE1C346A1A00EB3EFA /* Build configuration list for PBXProject "pizzaWatch" */ = {
			isa = XCConfigurationList;
			buildConfigurations = (
				8A8624F01C346A1A00EB3EFA /* Debug */,
				8A8624F11C346A1A00EB3EFA /* Release */,
			);
			defaultConfigurationIsVisible = 0;
			defaultConfigurationName = Release;
		};
		8A8624F21C346A1A00EB3EFA /* Build configuration list for PBXNativeTarget "pizzaWatch WatchKit Extension" */ = {
			isa = XCConfigurationList;
			buildConfigurations = (
				8A8624F31C346A1A00EB3EFA /* Debug */,
				8A8624F41C346A1A00EB3EFA /* Release */,
			);
			defaultConfigurationIsVisible = 0;
			defaultConfigurationName = Release;
		};
		8A8624F61C346A1A00EB3EFA /* Build configuration list for PBXNativeTarget "pizzaWatch WatchKit App" */ = {
			isa = XCConfigurationList;
			buildConfigurations = (
				8A8624F71C346A1A00EB3EFA /* Debug */,
				8A8624F81C346A1A00EB3EFA /* Release */,
			);
			defaultConfigurationIsVisible = 0;
			defaultConfigurationName = Release;
		};
		8A8624FA1C346A1A00EB3EFA /* Build configuration list for PBXNativeTarget "pizzaWatch" */ = {
			isa = XCConfigurationList;
			buildConfigurations = (
				8A8624FB1C346A1A00EB3EFA /* Debug */,
				8A8624FC1C346A1A00EB3EFA /* Release */,
			);
			defaultConfigurationIsVisible = 0;
			defaultConfigurationName = Release;
		};
/* End XCConfigurationList section */
	};
	rootObject = 8A8624BB1C346A1A00EB3EFA /* Project object */;
}
